
Microsoft Visual Studio Solution File, Format Version 12.00
Project("{2150E333-8FDC-42A3-9474-1A3956D46DE8}") = "SolutionFolder", "SolutionFolder", "{5E28BC3C-BC7E-429A-A9D6-22ED7209DBBC}"
EndProject
Project("{FAE04EC0-301F-11D3-BF4B-00C04F79EFBC}") = "Documentation", "Documentation\Documentation.csproj", "{47E93D98-6DEC-41F8-9E01-5C0393D7F925}"
EndProject
Global
	GlobalSection(SolutionConfigurationPlatforms) = preSolution
		Debug|Any CPU = Debug|Any CPU
		Release|Any CPU = Release|Any CPU
	EndGlobalSection
	GlobalSection(ProjectConfigurationPlatforms) = postSolution
		{47E93D98-6DEC-41F8-9E01-5C0393D7F925}.Debug|Any CPU.ActiveCfg = Debug|Any CPU
		{47E93D98-6DEC-41F8-9E01-5C0393D7F925}.Debug|Any CPU.Build.0 = Debug|Any CPU
		{47E93D98-6DEC-41F8-9E01-5C0393D7F925}.Release|Any CPU.ActiveCfg = Release|Any CPU
		{47E93D98-6DEC-41F8-9E01-5C0393D7F925}.Release|Any CPU.Build.0 = Release|Any CPU
	EndGlobalSection
EndGlobal
